
Microsoft Visual Studio Solution File, Format Version 12.00
# Visual Studio Version 17
VisualStudioVersion = 17.13.35931.197
MinimumVisualStudioVersion = 10.0.40219.1
Project("{FAE04EC0-301F-11D3-BF4B-00C04F79EFBC}") = "P_web_core", "P_web_core\P_web_core.csproj", "{95D8DF3A-6D08-4937-861D-3FC27683003B}"
EndProject
Project("{FAE04EC0-301F-11D3-BF4B-00C04F79EFBC}") = "SM_ProyectoAPI", "..\RepoSM\SM_ProyectoAPI\SM_ProyectoAPI.csproj", "{29258B42-8A83-4EE0-E8EF-F71D2BBB59A7}"
EndProject
Global
	GlobalSection(SolutionConfigurationPlatforms) = preSolution
		Debug|Any CPU = Debug|Any CPU
		Release|Any CPU = Release|Any CPU
	EndGlobalSection
	GlobalSection(ProjectConfigurationPlatforms) = postSolution
		{95D8DF3A-6D08-4937-861D-3FC27683003B}.Debug|Any CPU.ActiveCfg = Debug|Any CPU
		{95D8DF3A-6D08-4937-861D-3FC27683003B}.Debug|Any CPU.Build.0 = Debug|Any CPU
		{95D8DF3A-6D08-4937-861D-3FC27683003B}.Release|Any CPU.ActiveCfg = Release|Any CPU
		{95D8DF3A-6D08-4937-861D-3FC27683003B}.Release|Any CPU.Build.0 = Release|Any CPU
		{29258B42-8A83-4EE0-E8EF-F71D2BBB59A7}.Debug|Any CPU.ActiveCfg = Debug|Any CPU
		{29258B42-8A83-4EE0-E8EF-F71D2BBB59A7}.Debug|Any CPU.Build.0 = Debug|Any CPU
		{29258B42-8A83-4EE0-E8EF-F71D2BBB59A7}.Release|Any CPU.ActiveCfg = Release|Any CPU
		{29258B42-8A83-4EE0-E8EF-F71D2BBB59A7}.Release|Any CPU.Build.0 = Release|Any CPU
	EndGlobalSection
	GlobalSection(SolutionProperties) = preSolution
		HideSolutionNode = FALSE
	EndGlobalSection
	GlobalSection(ExtensibilityGlobals) = postSolution
		SolutionGuid = {2B8FDE40-81F7-4FE6-AA76-AA8A91D96452}
	EndGlobalSection
EndGlobal
